
Microsoft Visual Studio Solution File, Format Version 12.00
Project("{FAE04EC0-301F-11D3-BF4B-00C04F79EFBC}") = "FizzBuzz", "src\FizzBuzz\FizzBuzz.csproj", "{A01F5A66-A8AA-4672-A4C5-91E978EC098B}"
EndProject
Project("{FAE04EC0-301F-11D3-BF4B-00C04F79EFBC}") = "PrimeNumber", "src\PrimeNumber\PrimeNumber.csproj", "{B2B23223-4BD2-43ED-8694-38FD2038A165}"
EndProject
Project("{FAE04EC0-301F-11D3-BF4B-00C04F79EFBC}") = "FibonacciNumber", "src\FibonacciNumber\FibonacciNumber.csproj", "{E6E23432-BED9-4078-9DAF-ACB307DE5CD2}"
EndProject
Project("{FAE04EC0-301F-11D3-BF4B-00C04F79EFBC}") = "Palindrome", "src\Palindrome\Palindrome.csproj", "{91800490-D114-4537-BB85-7AAE24373F16}"
EndProject
Project("{FAE04EC0-301F-11D3-BF4B-00C04F79EFBC}") = "Anagram", "src\Anagram\Anagram.csproj", "{CCE899C6-066B-4C99-BE66-08E66795653D}"
EndProject
Project("{2150E333-8FDC-42A3-9474-1A3956D46DE8}") = "Documentation", "Documentation", "{0A6B5E07-4F65-4AE0-AAF3-18B79E3BDD89}"
ProjectSection(SolutionItems) = preProject
	README.md = README.md
EndProjectSection
EndProject
Project("{FAE04EC0-301F-11D3-BF4B-00C04F79EFBC}") = "GreatestCommonDenominator", "src\GreatestCommonDenominator\GreatestCommonDenominator.csproj", "{48F776AB-0F0A-486E-BD39-EB8C6ECA7E1B}"
EndProject
Project("{FAE04EC0-301F-11D3-BF4B-00C04F79EFBC}") = "CaesarCipher", "src\CaesarCipher\CaesarCipher.csproj", "{A1A40AC0-EF6B-4FDC-B3CF-8C6542FCF20C}"
EndProject
Global
	GlobalSection(SolutionConfigurationPlatforms) = preSolution
		Debug|Any CPU = Debug|Any CPU
		Release|Any CPU = Release|Any CPU
	EndGlobalSection
	GlobalSection(ProjectConfigurationPlatforms) = postSolution
		{A01F5A66-A8AA-4672-A4C5-91E978EC098B}.Debug|Any CPU.ActiveCfg = Debug|Any CPU
		{A01F5A66-A8AA-4672-A4C5-91E978EC098B}.Debug|Any CPU.Build.0 = Debug|Any CPU
		{A01F5A66-A8AA-4672-A4C5-91E978EC098B}.Release|Any CPU.ActiveCfg = Release|Any CPU
		{A01F5A66-A8AA-4672-A4C5-91E978EC098B}.Release|Any CPU.Build.0 = Release|Any CPU
		{B2B23223-4BD2-43ED-8694-38FD2038A165}.Debug|Any CPU.ActiveCfg = Debug|Any CPU
		{B2B23223-4BD2-43ED-8694-38FD2038A165}.Debug|Any CPU.Build.0 = Debug|Any CPU
		{B2B23223-4BD2-43ED-8694-38FD2038A165}.Release|Any CPU.ActiveCfg = Release|Any CPU
		{B2B23223-4BD2-43ED-8694-38FD2038A165}.Release|Any CPU.Build.0 = Release|Any CPU
		{E6E23432-BED9-4078-9DAF-ACB307DE5CD2}.Debug|Any CPU.ActiveCfg = Debug|Any CPU
		{E6E23432-BED9-4078-9DAF-ACB307DE5CD2}.Debug|Any CPU.Build.0 = Debug|Any CPU
		{E6E23432-BED9-4078-9DAF-ACB307DE5CD2}.Release|Any CPU.ActiveCfg = Release|Any CPU
		{E6E23432-BED9-4078-9DAF-ACB307DE5CD2}.Release|Any CPU.Build.0 = Release|Any CPU
		{91800490-D114-4537-BB85-7AAE24373F16}.Debug|Any CPU.ActiveCfg = Debug|Any CPU
		{91800490-D114-4537-BB85-7AAE24373F16}.Debug|Any CPU.Build.0 = Debug|Any CPU
		{91800490-D114-4537-BB85-7AAE24373F16}.Release|Any CPU.ActiveCfg = Release|Any CPU
		{91800490-D114-4537-BB85-7AAE24373F16}.Release|Any CPU.Build.0 = Release|Any CPU
		{CCE899C6-066B-4C99-BE66-08E66795653D}.Debug|Any CPU.ActiveCfg = Debug|Any CPU
		{CCE899C6-066B-4C99-BE66-08E66795653D}.Debug|Any CPU.Build.0 = Debug|Any CPU
		{CCE899C6-066B-4C99-BE66-08E66795653D}.Release|Any CPU.ActiveCfg = Release|Any CPU
		{CCE899C6-066B-4C99-BE66-08E66795653D}.Release|Any CPU.Build.0 = Release|Any CPU
		{48F776AB-0F0A-486E-BD39-EB8C6ECA7E1B}.Debug|Any CPU.ActiveCfg = Debug|Any CPU
		{48F776AB-0F0A-486E-BD39-EB8C6ECA7E1B}.Debug|Any CPU.Build.0 = Debug|Any CPU
		{48F776AB-0F0A-486E-BD39-EB8C6ECA7E1B}.Release|Any CPU.ActiveCfg = Release|Any CPU
		{48F776AB-0F0A-486E-BD39-EB8C6ECA7E1B}.Release|Any CPU.Build.0 = Release|Any CPU
		{A1A40AC0-EF6B-4FDC-B3CF-8C6542FCF20C}.Debug|Any CPU.ActiveCfg = Debug|Any CPU
		{A1A40AC0-EF6B-4FDC-B3CF-8C6542FCF20C}.Debug|Any CPU.Build.0 = Debug|Any CPU
		{A1A40AC0-EF6B-4FDC-B3CF-8C6542FCF20C}.Release|Any CPU.ActiveCfg = Release|Any CPU
		{A1A40AC0-EF6B-4FDC-B3CF-8C6542FCF20C}.Release|Any CPU.Build.0 = Release|Any CPU
	EndGlobalSection
EndGlobal
