
Microsoft Visual Studio Solution File, Format Version 12.00
Project("{FAE04EC0-301F-11D3-BF4B-00C04F79EFBC}") = "FizzBuzz", "src\FizzBuzz\FizzBuzz.csproj", "{A01F5A66-A8AA-4672-A4C5-91E978EC098B}"
EndProject
Project("{FAE04EC0-301F-11D3-BF4B-00C04F79EFBC}") = "PrimeNumber", "src\PrimeNumber\PrimeNumber.csproj", "{B2B23223-4BD2-43ED-8694-38FD2038A165}"
EndProject
Project("{FAE04EC0-301F-11D3-BF4B-00C04F79EFBC}") = "FibonacciNumber", "src\FibonacciNumber\FibonacciNumber.csproj", "{E6E23432-BED9-4078-9DAF-ACB307DE5CD2}"
EndProject
Project("{FAE04EC0-301F-11D3-BF4B-00C04F79EFBC}") = "Palindrome", "src\Palindrome\Palindrome.csproj", "{91800490-D114-4537-BB85-7AAE24373F16}"
EndProject
Global
	GlobalSection(SolutionConfigurationPlatforms) = preSolution
		Debug|Any CPU = Debug|Any CPU
		Release|Any CPU = Release|Any CPU
	EndGlobalSection
	GlobalSection(ProjectConfigurationPlatforms) = postSolution
		{A01F5A66-A8AA-4672-A4C5-91E978EC098B}.Debug|Any CPU.ActiveCfg = Debug|Any CPU
		{A01F5A66-A8AA-4672-A4C5-91E978EC098B}.Debug|Any CPU.Build.0 = Debug|Any CPU
		{A01F5A66-A8AA-4672-A4C5-91E978EC098B}.Release|Any CPU.ActiveCfg = Release|Any CPU
		{A01F5A66-A8AA-4672-A4C5-91E978EC098B}.Release|Any CPU.Build.0 = Release|Any CPU
		{B2B23223-4BD2-43ED-8694-38FD2038A165}.Debug|Any CPU.ActiveCfg = Debug|Any CPU
		{B2B23223-4BD2-43ED-8694-38FD2038A165}.Debug|Any CPU.Build.0 = Debug|Any CPU
		{B2B23223-4BD2-43ED-8694-38FD2038A165}.Release|Any CPU.ActiveCfg = Release|Any CPU
		{B2B23223-4BD2-43ED-8694-38FD2038A165}.Release|Any CPU.Build.0 = Release|Any CPU
		{E6E23432-BED9-4078-9DAF-ACB307DE5CD2}.Debug|Any CPU.ActiveCfg = Debug|Any CPU
		{E6E23432-BED9-4078-9DAF-ACB307DE5CD2}.Debug|Any CPU.Build.0 = Debug|Any CPU
		{E6E23432-BED9-4078-9DAF-ACB307DE5CD2}.Release|Any CPU.ActiveCfg = Release|Any CPU
		{E6E23432-BED9-4078-9DAF-ACB307DE5CD2}.Release|Any CPU.Build.0 = Release|Any CPU
		{91800490-D114-4537-BB85-7AAE24373F16}.Debug|Any CPU.ActiveCfg = Debug|Any CPU
		{91800490-D114-4537-BB85-7AAE24373F16}.Debug|Any CPU.Build.0 = Debug|Any CPU
		{91800490-D114-4537-BB85-7AAE24373F16}.Release|Any CPU.ActiveCfg = Release|Any CPU
		{91800490-D114-4537-BB85-7AAE24373F16}.Release|Any CPU.Build.0 = Release|Any CPU
	EndGlobalSection
EndGlobal
